
Microsoft Visual Studio Solution File, Format Version 12.00
# Visual Studio 15
VisualStudioVersion = 15.0.27130.2036
MinimumVisualStudioVersion = 10.0.40219.1
Project("{FAE04EC0-301F-11D3-BF4B-00C04F79EFBC}") = "SysAdmin", "SysAdmin\SysAdmin.csproj", "{BE54BAD3-9685-44D8-8956-0267F8505A79}"
EndProject
Global
	GlobalSection(SolutionConfigurationPlatforms) = preSolution
		Debug|Any CPU = Debug|Any CPU
		Release|Any CPU = Release|Any CPU
	EndGlobalSection
	GlobalSection(ProjectConfigurationPlatforms) = postSolution
		{BE54BAD3-9685-44D8-8956-0267F8505A79}.Debug|Any CPU.ActiveCfg = Debug|Any CPU
		{BE54BAD3-9685-44D8-8956-0267F8505A79}.Debug|Any CPU.Build.0 = Debug|Any CPU
		{BE54BAD3-9685-44D8-8956-0267F8505A79}.Release|Any CPU.ActiveCfg = Release|Any CPU
		{BE54BAD3-9685-44D8-8956-0267F8505A79}.Release|Any CPU.Build.0 = Release|Any CPU
	EndGlobalSection
	GlobalSection(SolutionProperties) = preSolution
		HideSolutionNode = FALSE
	EndGlobalSection
	GlobalSection(ExtensibilityGlobals) = postSolution
		SolutionGuid = {5BA7A8B5-7159-4CBC-9F0A-17046FB7A60A}
	EndGlobalSection
EndGlobal
